
Microsoft Visual Studio Solution File, Format Version 12.00
# Visual Studio Version 16
VisualStudioVersion = 16.0.29519.87
MinimumVisualStudioVersion = 10.0.40219.1
Project("{8BC9CEB8-8B4A-11D0-8D11-00A0C91BC942}") = "Chess", "Chess\Chess.vcxproj", "{ECA697D3-E37F-493A-9F99-BF2EC5F5077E}"
EndProject
Global
	GlobalSection(SolutionConfigurationPlatforms) = preSolution
		Debug|x64 = Debug|x64
		Debug|x86 = Debug|x86
		Release|x64 = Release|x64
		Release|x86 = Release|x86
	EndGlobalSection
	GlobalSection(ProjectConfigurationPlatforms) = postSolution
		{ECA697D3-E37F-493A-9F99-BF2EC5F5077E}.Debug|x64.ActiveCfg = Debug|x64
		{ECA697D3-E37F-493A-9F99-BF2EC5F5077E}.Debug|x64.Build.0 = Debug|x64
		{ECA697D3-E37F-493A-9F99-BF2EC5F5077E}.Debug|x86.ActiveCfg = Debug|Win32
		{ECA697D3-E37F-493A-9F99-BF2EC5F5077E}.Debug|x86.Build.0 = Debug|Win32
		{ECA697D3-E37F-493A-9F99-BF2EC5F5077E}.Release|x64.ActiveCfg = Release|x64
		{ECA697D3-E37F-493A-9F99-BF2EC5F5077E}.Release|x64.Build.0 = Release|x64
		{ECA697D3-E37F-493A-9F99-BF2EC5F5077E}.Release|x86.ActiveCfg = Release|Win32
		{ECA697D3-E37F-493A-9F99-BF2EC5F5077E}.Release|x86.Build.0 = Release|Win32
	EndGlobalSection
	GlobalSection(SolutionProperties) = preSolution
		HideSolutionNode = FALSE
	EndGlobalSection
	GlobalSection(ExtensibilityGlobals) = postSolution
		SolutionGuid = {987E8BCE-A6C8-402D-AD72-B43045BDB727}
	EndGlobalSection
EndGlobal
